// !$*UTF8*$!
{
	archiveVersion = 1;
	classes = {
	};
	objectVersion = 56;
	objects = {

/* Begin PBXBuildFile section */
		A1000001 /* ZoomTransition.swift in Sources */ = {isa = PBXBuildFile; fileRef = B1000001 /* ZoomTransition.swift */; };
		A1000002 /* ZoomTransitionFactory.swift in Sources */ = {isa = PBXBuildFile; fileRef = B1000002 /* ZoomTransitionFactory.swift */; };
		A1000003 /* ZoomUniforms.swift in Sources */ = {isa = PBXBuildFile; fileRef = B1000003 /* ZoomUniforms.swift */; };
		A1000004 /* ZoomTransitionKernel.metal in Sources */ = {isa = PBXBuildFile; fileRef = B1000004 /* ZoomTransitionKernel.metal */; };
		A1000010 /* FxPlug.framework in Frameworks */ = {isa = PBXBuildFile; fileRef = B1000010 /* FxPlug.framework */; };
		A1000011 /* Metal.framework in Frameworks */ = {isa = PBXBuildFile; fileRef = B1000011 /* Metal.framework */; };
		A1000012 /* CoreMedia.framework in Frameworks */ = {isa = PBXBuildFile; fileRef = B1000012 /* CoreMedia.framework */; };
		A1000013 /* CoreVideo.framework in Frameworks */ = {isa = PBXBuildFile; fileRef = B1000013 /* CoreVideo.framework */; };
		A1000014 /* Foundation.framework in Frameworks */ = {isa = PBXBuildFile; fileRef = B1000014 /* Foundation.framework */; };
/* End PBXBuildFile section */

/* Begin PBXFileReference section */
		B1000001 /* ZoomTransition.swift */ = {isa = PBXFileReference; lastKnownFileType = sourcecode.swift; path = ZoomTransition.swift; sourceTree = "<group>"; };
		B1000002 /* ZoomTransitionFactory.swift */ = {isa = PBXFileReference; lastKnownFileType = sourcecode.swift; path = ZoomTransitionFactory.swift; sourceTree = "<group>"; };
		B1000003 /* ZoomUniforms.swift */ = {isa = PBXFileReference; lastKnownFileType = sourcecode.swift; path = ZoomUniforms.swift; sourceTree = "<group>"; };
		B1000004 /* ZoomTransitionKernel.metal */ = {isa = PBXFileReference; lastKnownFileType = sourcecode.metal; path = ZoomTransitionKernel.metal; sourceTree = "<group>"; };
		B1000005 /* Info.plist */ = {isa = PBXFileReference; lastKnownFileType = text.plist.xml; path = Info.plist; sourceTree = "<group>"; };
		B1000010 /* FxPlug.framework */ = {isa = PBXFileReference; lastKnownFileType = wrapper.framework; name = FxPlug.framework; path = /Library/Frameworks/FxPlug.framework; sourceTree = "<absolute>"; };
		B1000011 /* Metal.framework */ = {isa = PBXFileReference; lastKnownFileType = wrapper.framework; name = Metal.framework; path = System/Library/Frameworks/Metal.framework; sourceTree = SDKROOT; };
		B1000012 /* CoreMedia.framework */ = {isa = PBXFileReference; lastKnownFileType = wrapper.framework; name = CoreMedia.framework; path = System/Library/Frameworks/CoreMedia.framework; sourceTree = SDKROOT; };
		B1000013 /* CoreVideo.framework */ = {isa = PBXFileReference; lastKnownFileType = wrapper.framework; name = CoreVideo.framework; path = System/Library/Frameworks/CoreVideo.framework; sourceTree = SDKROOT; };
		B1000014 /* Foundation.framework */ = {isa = PBXFileReference; lastKnownFileType = wrapper.framework; name = Foundation.framework; path = System/Library/Frameworks/Foundation.framework; sourceTree = SDKROOT; };
		B1000020 /* ModernZoomTransition.fxplug */ = {isa = PBXFileReference; explicitFileType = wrapper.cfbundle; includeInIndex = 0; path = ModernZoomTransition.fxplug; sourceTree = BUILT_PRODUCTS_DIR; };
/* End PBXFileReference section */

/* Begin PBXFrameworksBuildPhase section */
		C1000001 /* Frameworks */ = {
			isa = PBXFrameworksBuildPhase;
			buildActionMask = 2147483647;
			files = (
				A1000010 /* FxPlug.framework in Frameworks */,
				A1000011 /* Metal.framework in Frameworks */,
				A1000012 /* CoreMedia.framework in Frameworks */,
				A1000013 /* CoreVideo.framework in Frameworks */,
				A1000014 /* Foundation.framework in Frameworks */,
			);
			runOnlyForDeploymentPostprocessing = 0;
		};
/* End PBXFrameworksBuildPhase section */

/* Begin PBXGroup section */
		D1000001 /* Root */ = {
			isa = PBXGroup;
			children = (
				D1000002 /* Source */,
				D1000003 /* Metal */,
				D1000004 /* Resources */,
				D1000005 /* Frameworks */,
				D1000006 /* Products */,
			);
			sourceTree = "<group>";
		};
		D1000002 /* Source */ = {
			isa = PBXGroup;
			children = (
				B1000001 /* ZoomTransition.swift */,
				B1000002 /* ZoomTransitionFactory.swift */,
				B1000003 /* ZoomUniforms.swift */,
			);
			path = Source;
			sourceTree = "<group>";
		};
		D1000003 /* Metal */ = {
			isa = PBXGroup;
			children = (
				B1000004 /* ZoomTransitionKernel.metal */,
			);
			path = Metal;
			sourceTree = "<group>";
		};
		D1000004 /* Resources */ = {
			isa = PBXGroup;
			children = (
				B1000005 /* Info.plist */,
			);
			path = Resources;
			sourceTree = "<group>";
		};
		D1000005 /* Frameworks */ = {
			isa = PBXGroup;
			children = (
				B1000010 /* FxPlug.framework */,
				B1000011 /* Metal.framework */,
				B1000012 /* CoreMedia.framework */,
				B1000013 /* CoreVideo.framework */,
				B1000014 /* Foundation.framework */,
			);
			name = Frameworks;
			sourceTree = "<group>";
		};
		D1000006 /* Products */ = {
			isa = PBXGroup;
			children = (
				B1000020 /* ModernZoomTransition.fxplug */,
			);
			name = Products;
			sourceTree = "<group>";
		};
/* End PBXGroup section */

/* Begin PBXNativeTarget section */
		E1000001 /* ModernZoomTransition */ = {
			isa = PBXNativeTarget;
			buildConfigurationList = F1000003 /* Build configuration list for PBXNativeTarget "ModernZoomTransition" */;
			buildPhases = (
				C1000002 /* Sources */,
				C1000001 /* Frameworks */,
				C1000003 /* Install Plugin */,
			);
			buildRules = (
			);
			dependencies = (
			);
			name = ModernZoomTransition;
			productName = ModernZoomTransition;
			productReference = B1000020 /* ModernZoomTransition.fxplug */;
			productType = "com.apple.product-type.bundle";
		};
/* End PBXNativeTarget section */

/* Begin PBXProject section */
		E1000000 /* Project object */ = {
			isa = PBXProject;
			attributes = {
				BuildIndependentTargetsInParallel = 1;
				LastUpgradeCheck = 1540;
				TargetAttributes = {
					E1000001 = {
						CreatedOnToolsVersion = 15.4;
					};
				};
			};
			buildConfigurationList = F1000001 /* Build configuration list for PBXProject "FCPXZoomTransition" */;
			compatibilityVersion = "Xcode 14.0";
			developmentRegion = en;
			hasScannedForEncodings = 0;
			knownRegions = (
				en,
				Base,
			);
			mainGroup = D1000001 /* Root */;
			productRefGroup = D1000006 /* Products */;
			projectDirPath = "";
			projectRoot = "";
			targets = (
				E1000001 /* ModernZoomTransition */,
			);
		};
/* End PBXProject section */

/* Begin PBXShellScriptBuildPhase section */
		C1000003 /* Install Plugin */ = {
			isa = PBXShellScriptBuildPhase;
			alwaysOutOfDate = 1;
			buildActionMask = 2147483647;
			files = (
			);
			inputPaths = (
			);
			name = "Install Plugin";
			outputPaths = (
			);
			runOnlyForDeploymentPostprocessing = 0;
			shellPath = /bin/bash;
			shellScript = "# Auto-install the built plugin to the FxPlug directory\nINSTALL_DIR=\"$HOME/Library/Plug-Ins/FxPlug\"\nmkdir -p \"$INSTALL_DIR\"\nrm -rf \"$INSTALL_DIR/$FULL_PRODUCT_NAME\"\ncp -R \"$BUILT_PRODUCTS_DIR/$FULL_PRODUCT_NAME\" \"$INSTALL_DIR/\"\necho \"Installed $FULL_PRODUCT_NAME to $INSTALL_DIR\"\necho \"Restart Final Cut Pro to load the transition.\"\n";
		};
/* End PBXShellScriptBuildPhase section */

/* Begin PBXSourcesBuildPhase section */
		C1000002 /* Sources */ = {
			isa = PBXSourcesBuildPhase;
			buildActionMask = 2147483647;
			files = (
				A1000001 /* ZoomTransition.swift in Sources */,
				A1000002 /* ZoomTransitionFactory.swift in Sources */,
				A1000003 /* ZoomUniforms.swift in Sources */,
				A1000004 /* ZoomTransitionKernel.metal in Sources */,
			);
			runOnlyForDeploymentPostprocessing = 0;
		};
/* End PBXSourcesBuildPhase section */

/* Begin XCBuildConfiguration section */
		F1000010 /* Debug */ = {
			isa = XCBuildConfiguration;
			buildSettings = {
				ALWAYS_SEARCH_USER_PATHS = NO;
				ARCHS = "$(ARCHS_STANDARD)";
				CLANG_ANALYZER_NONNULL = YES;
				CLANG_CXX_LANGUAGE_STANDARD = "gnu++20";
				CLANG_ENABLE_MODULES = YES;
				CLANG_ENABLE_OBJC_ARC = YES;
				COPY_PHASE_STRIP = NO;
				DEBUG_INFORMATION_FORMAT = dwarf;
				ENABLE_STRICT_OBJC_MSGSEND = YES;
				ENABLE_TESTABILITY = YES;
				GCC_DYNAMIC_NO_PIC = NO;
				GCC_OPTIMIZATION_LEVEL = 0;
				GCC_PREPROCESSOR_DEFINITIONS = (
					"DEBUG=1",
					"$(inherited)",
				);
				GCC_WARN_ABOUT_RETURN_TYPE = YES_ERROR;
				GCC_WARN_UNINITIALIZED_AUTOS = YES_AGGRESSIVE;
				MACOSX_DEPLOYMENT_TARGET = 14.0;
				MTL_ENABLE_DEBUG_INFO = INCLUDE_SOURCE;
				MTL_FAST_MATH = YES;
				ONLY_ACTIVE_ARCH = YES;
				SDKROOT = macosx;
				SWIFT_ACTIVE_COMPILATION_CONDITIONS = "$(inherited) DEBUG";
				SWIFT_OPTIMIZATION_LEVEL = "-Onone";
			};
			name = Debug;
		};
		F1000011 /* Release */ = {
			isa = XCBuildConfiguration;
			buildSettings = {
				ALWAYS_SEARCH_USER_PATHS = NO;
				ARCHS = "$(ARCHS_STANDARD)";
				CLANG_ANALYZER_NONNULL = YES;
				CLANG_CXX_LANGUAGE_STANDARD = "gnu++20";
				CLANG_ENABLE_MODULES = YES;
				CLANG_ENABLE_OBJC_ARC = YES;
				COPY_PHASE_STRIP = NO;
				DEBUG_INFORMATION_FORMAT = "dwarf-with-dsym";
				ENABLE_NS_ASSERTIONS = NO;
				ENABLE_STRICT_OBJC_MSGSEND = YES;
				GCC_WARN_ABOUT_RETURN_TYPE = YES_ERROR;
				GCC_WARN_UNINITIALIZED_AUTOS = YES_AGGRESSIVE;
				MACOSX_DEPLOYMENT_TARGET = 14.0;
				MTL_ENABLE_DEBUG_INFO = NO;
				MTL_FAST_MATH = YES;
				SDKROOT = macosx;
				SWIFT_COMPILATION_MODE = wholemodule;
				SWIFT_OPTIMIZATION_LEVEL = "-O";
			};
			name = Release;
		};
		F1000020 /* Debug */ = {
			isa = XCBuildConfiguration;
			buildSettings = {
				CODE_SIGN_STYLE = Automatic;
				COMBINE_HIDPI_IMAGES = YES;
				CURRENT_PROJECT_VERSION = 1;
				FRAMEWORK_SEARCH_PATHS = (
					"$(inherited)",
					/Library/Frameworks,
				);
				GENERATE_INFOPLIST_FILE = NO;
				INFOPLIST_FILE = Resources/Info.plist;
				INSTALL_PATH = "$(HOME)/Library/Plug-Ins/FxPlug";
				MARKETING_VERSION = 1.0.0;
				PRODUCT_BUNDLE_IDENTIFIER = "com.themeek.fcpx.zoom-transition";
				PRODUCT_NAME = "$(TARGET_NAME)";
				SWIFT_VERSION = 5.0;
				WRAPPER_EXTENSION = fxplug;
			};
			name = Debug;
		};
		F1000021 /* Release */ = {
			isa = XCBuildConfiguration;
			buildSettings = {
				CODE_SIGN_STYLE = Automatic;
				COMBINE_HIDPI_IMAGES = YES;
				CURRENT_PROJECT_VERSION = 1;
				FRAMEWORK_SEARCH_PATHS = (
					"$(inherited)",
					/Library/Frameworks,
				);
				GENERATE_INFOPLIST_FILE = NO;
				INFOPLIST_FILE = Resources/Info.plist;
				INSTALL_PATH = "$(HOME)/Library/Plug-Ins/FxPlug";
				MARKETING_VERSION = 1.0.0;
				PRODUCT_BUNDLE_IDENTIFIER = "com.themeek.fcpx.zoom-transition";
				PRODUCT_NAME = "$(TARGET_NAME)";
				SWIFT_VERSION = 5.0;
				WRAPPER_EXTENSION = fxplug;
			};
			name = Release;
		};
/* End XCBuildConfiguration section */

/* Begin XCConfigurationList section */
		F1000001 /* Build configuration list for PBXProject "FCPXZoomTransition" */ = {
			isa = XCConfigurationList;
			buildConfigurations = (
				F1000010 /* Debug */,
				F1000011 /* Release */,
			);
			defaultConfigurationIsVisible = 0;
			defaultConfigurationName = Release;
		};
		F1000003 /* Build configuration list for PBXNativeTarget "ModernZoomTransition" */ = {
			isa = XCConfigurationList;
			buildConfigurations = (
				F1000020 /* Debug */,
				F1000021 /* Release */,
			);
			defaultConfigurationIsVisible = 0;
			defaultConfigurationName = Release;
		};
/* End XCConfigurationList section */
	};
	rootObject = E1000000 /* Project object */;
}
